// !$*UTF8*$!
{
	archiveVersion = 1;
	classes = {
	};
	objectVersion = 50;
	objects = {

/* Begin PBXBuildFile section */
		06969EDD0A602017D6EE5439 /* Pods_RickAndMortyAppUITests.framework in Frameworks */ = {isa = PBXBuildFile; fileRef = 12030CEC524ACAB51DE83791 /* Pods_RickAndMortyAppUITests.framework */; };
		5612D4ED22CBAF4500D6C3F8 /* Views.swift in Sources */ = {isa = PBXBuildFile; fileRef = 5612D4EC22CBAF4500D6C3F8 /* Views.swift */; };
		569BFC4022CBB5F6002FC78D /* LocationDetailsViewController.swift in Sources */ = {isa = PBXBuildFile; fileRef = 569BFC3F22CBB5F6002FC78D /* LocationDetailsViewController.swift */; };
		569BFC4322CBC308002FC78D /* CharacterCell.swift in Sources */ = {isa = PBXBuildFile; fileRef = 569BFC4222CBC308002FC78D /* CharacterCell.swift */; };
		569BFC4522CBD194002FC78D /* AbstractCharactersViewController.swift in Sources */ = {isa = PBXBuildFile; fileRef = 569BFC4422CBD194002FC78D /* AbstractCharactersViewController.swift */; };
		569BFC4722CBD2B4002FC78D /* ResidentsViewController.swift in Sources */ = {isa = PBXBuildFile; fileRef = 569BFC4622CBD2B4002FC78D /* ResidentsViewController.swift */; };
		569BFC4922CD18AF002FC78D /* FavoritesViewController.swift in Sources */ = {isa = PBXBuildFile; fileRef = 569BFC4822CD18AF002FC78D /* FavoritesViewController.swift */; };
		569BFC4B22CD18C5002FC78D /* FavoritesController.swift in Sources */ = {isa = PBXBuildFile; fileRef = 569BFC4A22CD18C5002FC78D /* FavoritesController.swift */; };
		569D179E22CA7C8A005259A2 /* AppDelegate.swift in Sources */ = {isa = PBXBuildFile; fileRef = 569D179D22CA7C8A005259A2 /* AppDelegate.swift */; };
		569D17A022CA7C8A005259A2 /* CharactersViewController.swift in Sources */ = {isa = PBXBuildFile; fileRef = 569D179F22CA7C8A005259A2 /* CharactersViewController.swift */; };
		569D17A322CA7C8A005259A2 /* Main.storyboard in Resources */ = {isa = PBXBuildFile; fileRef = 569D17A122CA7C8A005259A2 /* Main.storyboard */; };
		569D17A522CA7C8B005259A2 /* Assets.xcassets in Resources */ = {isa = PBXBuildFile; fileRef = 569D17A422CA7C8B005259A2 /* Assets.xcassets */; };
		569D17A822CA7C8B005259A2 /* LaunchScreen.storyboard in Resources */ = {isa = PBXBuildFile; fileRef = 569D17A622CA7C8B005259A2 /* LaunchScreen.storyboard */; };
		569D17B322CA7C8B005259A2 /* RickAndMortyAppTests.swift in Sources */ = {isa = PBXBuildFile; fileRef = 569D17B222CA7C8B005259A2 /* RickAndMortyAppTests.swift */; };
		569D17BE22CA7C8B005259A2 /* RickAndMortyAppUITests.swift in Sources */ = {isa = PBXBuildFile; fileRef = 569D17BD22CA7C8B005259A2 /* RickAndMortyAppUITests.swift */; };
		569D17D022CA850D005259A2 /* API.swift in Sources */ = {isa = PBXBuildFile; fileRef = 569D17CF22CA850D005259A2 /* API.swift */; };
		569D17D522CA86A7005259A2 /* schema.json in Resources */ = {isa = PBXBuildFile; fileRef = 569D17D322CA86A7005259A2 /* schema.json */; };
		569D17D622CA86A7005259A2 /* api.graphql in Resources */ = {isa = PBXBuildFile; fileRef = 569D17D422CA86A7005259A2 /* api.graphql */; };
		569D17D822CA886A005259A2 /* Service.swift in Sources */ = {isa = PBXBuildFile; fileRef = 569D17D722CA886A005259A2 /* Service.swift */; };
		569D17DB22CAAC13005259A2 /* ServiceTests.swift in Sources */ = {isa = PBXBuildFile; fileRef = 569D17DA22CAAC13005259A2 /* ServiceTests.swift */; };
		569D17DD22CB81BD005259A2 /* CharacterDetailsViewController.swift in Sources */ = {isa = PBXBuildFile; fileRef = 569D17DC22CB81BD005259A2 /* CharacterDetailsViewController.swift */; };
		DD74A2CB3E0C351143F6DB8C /* Pods_RickAndMortyAppTests.framework in Frameworks */ = {isa = PBXBuildFile; fileRef = AFE294F4E66A909F359AAE31 /* Pods_RickAndMortyAppTests.framework */; };
		E661E78F57EE31BC18E6F40F /* Pods_RickAndMortyApp.framework in Frameworks */ = {isa = PBXBuildFile; fileRef = B3FEB993807F2E108AEDAEB6 /* Pods_RickAndMortyApp.framework */; };
/* End PBXBuildFile section */

/* Begin PBXContainerItemProxy section */
		569D17AF22CA7C8B005259A2 /* PBXContainerItemProxy */ = {
			isa = PBXContainerItemProxy;
			containerPortal = 569D179222CA7C8A005259A2 /* Project object */;
			proxyType = 1;
			remoteGlobalIDString = 569D179922CA7C8A005259A2;
			remoteInfo = RickAndMortyApp;
		};
		569D17BA22CA7C8B005259A2 /* PBXContainerItemProxy */ = {
			isa = PBXContainerItemProxy;
			containerPortal = 569D179222CA7C8A005259A2 /* Project object */;
			proxyType = 1;
			remoteGlobalIDString = 569D179922CA7C8A005259A2;
			remoteInfo = RickAndMortyApp;
		};
/* End PBXContainerItemProxy section */

/* Begin PBXFileReference section */
		03EC0BB5C67D01335F94AB11 /* Pods-RickAndMortyAppUITests.release.xcconfig */ = {isa = PBXFileReference; includeInIndex = 1; lastKnownFileType = text.xcconfig; name = "Pods-RickAndMortyAppUITests.release.xcconfig"; path = "Target Support Files/Pods-RickAndMortyAppUITests/Pods-RickAndMortyAppUITests.release.xcconfig"; sourceTree = "<group>"; };
		12030CEC524ACAB51DE83791 /* Pods_RickAndMortyAppUITests.framework */ = {isa = PBXFileReference; explicitFileType = wrapper.framework; includeInIndex = 0; path = Pods_RickAndMortyAppUITests.framework; sourceTree = BUILT_PRODUCTS_DIR; };
		14AC306BB5AC5BAFA6CACDAB /* Pods-RickAndMortyAppUITests.debug.xcconfig */ = {isa = PBXFileReference; includeInIndex = 1; lastKnownFileType = text.xcconfig; name = "Pods-RickAndMortyAppUITests.debug.xcconfig"; path = "Target Support Files/Pods-RickAndMortyAppUITests/Pods-RickAndMortyAppUITests.debug.xcconfig"; sourceTree = "<group>"; };
		3499ABABC4E7156156315769 /* Pods-RickAndMortyApp.release.xcconfig */ = {isa = PBXFileReference; includeInIndex = 1; lastKnownFileType = text.xcconfig; name = "Pods-RickAndMortyApp.release.xcconfig"; path = "Target Support Files/Pods-RickAndMortyApp/Pods-RickAndMortyApp.release.xcconfig"; sourceTree = "<group>"; };
		416ABC9E055E471BA1D543AB /* Pods-RickAndMortyAppTests.release.xcconfig */ = {isa = PBXFileReference; includeInIndex = 1; lastKnownFileType = text.xcconfig; name = "Pods-RickAndMortyAppTests.release.xcconfig"; path = "Target Support Files/Pods-RickAndMortyAppTests/Pods-RickAndMortyAppTests.release.xcconfig"; sourceTree = "<group>"; };
		5612D4EC22CBAF4500D6C3F8 /* Views.swift */ = {isa = PBXFileReference; lastKnownFileType = sourcecode.swift; path = Views.swift; sourceTree = "<group>"; };
		569BFC3F22CBB5F6002FC78D /* LocationDetailsViewController.swift */ = {isa = PBXFileReference; lastKnownFileType = sourcecode.swift; path = LocationDetailsViewController.swift; sourceTree = "<group>"; };
		569BFC4222CBC308002FC78D /* CharacterCell.swift */ = {isa = PBXFileReference; lastKnownFileType = sourcecode.swift; path = CharacterCell.swift; sourceTree = "<group>"; };
		569BFC4422CBD194002FC78D /* AbstractCharactersViewController.swift */ = {isa = PBXFileReference; lastKnownFileType = sourcecode.swift; path = AbstractCharactersViewController.swift; sourceTree = "<group>"; };
		569BFC4622CBD2B4002FC78D /* ResidentsViewController.swift */ = {isa = PBXFileReference; lastKnownFileType = sourcecode.swift; path = ResidentsViewController.swift; sourceTree = "<group>"; };
		569BFC4822CD18AF002FC78D /* FavoritesViewController.swift */ = {isa = PBXFileReference; lastKnownFileType = sourcecode.swift; path = FavoritesViewController.swift; sourceTree = "<group>"; };
		569BFC4A22CD18C5002FC78D /* FavoritesController.swift */ = {isa = PBXFileReference; lastKnownFileType = sourcecode.swift; path = FavoritesController.swift; sourceTree = "<group>"; };
		569D179A22CA7C8A005259A2 /* RickAndMortyApp.app */ = {isa = PBXFileReference; explicitFileType = wrapper.application; includeInIndex = 0; path = RickAndMortyApp.app; sourceTree = BUILT_PRODUCTS_DIR; };
		569D179D22CA7C8A005259A2 /* AppDelegate.swift */ = {isa = PBXFileReference; lastKnownFileType = sourcecode.swift; path = AppDelegate.swift; sourceTree = "<group>"; };
		569D179F22CA7C8A005259A2 /* CharactersViewController.swift */ = {isa = PBXFileReference; lastKnownFileType = sourcecode.swift; path = CharactersViewController.swift; sourceTree = "<group>"; };
		569D17A222CA7C8A005259A2 /* Base */ = {isa = PBXFileReference; lastKnownFileType = file.storyboard; name = Base; path = Base.lproj/Main.storyboard; sourceTree = "<group>"; };
		569D17A422CA7C8B005259A2 /* Assets.xcassets */ = {isa = PBXFileReference; lastKnownFileType = folder.assetcatalog; path = Assets.xcassets; sourceTree = "<group>"; };
		569D17A722CA7C8B005259A2 /* Base */ = {isa = PBXFileReference; lastKnownFileType = file.storyboard; name = Base; path = Base.lproj/LaunchScreen.storyboard; sourceTree = "<group>"; };
		569D17A922CA7C8B005259A2 /* Info.plist */ = {isa = PBXFileReference; lastKnownFileType = text.plist.xml; path = Info.plist; sourceTree = "<group>"; };
		569D17AE22CA7C8B005259A2 /* RickAndMortyAppTests.xctest */ = {isa = PBXFileReference; explicitFileType = wrapper.cfbundle; includeInIndex = 0; path = RickAndMortyAppTests.xctest; sourceTree = BUILT_PRODUCTS_DIR; };
		569D17B222CA7C8B005259A2 /* RickAndMortyAppTests.swift */ = {isa = PBXFileReference; lastKnownFileType = sourcecode.swift; path = RickAndMortyAppTests.swift; sourceTree = "<group>"; };
		569D17B422CA7C8B005259A2 /* Info.plist */ = {isa = PBXFileReference; lastKnownFileType = text.plist.xml; path = Info.plist; sourceTree = "<group>"; };
		569D17B922CA7C8B005259A2 /* RickAndMortyAppUITests.xctest */ = {isa = PBXFileReference; explicitFileType = wrapper.cfbundle; includeInIndex = 0; path = RickAndMortyAppUITests.xctest; sourceTree = BUILT_PRODUCTS_DIR; };
		569D17BD22CA7C8B005259A2 /* RickAndMortyAppUITests.swift */ = {isa = PBXFileReference; lastKnownFileType = sourcecode.swift; path = RickAndMortyAppUITests.swift; sourceTree = "<group>"; };
		569D17BF22CA7C8B005259A2 /* Info.plist */ = {isa = PBXFileReference; lastKnownFileType = text.plist.xml; path = Info.plist; sourceTree = "<group>"; };
		569D17CB22CA7CCA005259A2 /* Podfile */ = {isa = PBXFileReference; lastKnownFileType = text; path = Podfile; sourceTree = "<group>"; xcLanguageSpecificationIdentifier = xcode.lang.ruby; };
		569D17CF22CA850D005259A2 /* API.swift */ = {isa = PBXFileReference; fileEncoding = 4; lastKnownFileType = sourcecode.swift; path = API.swift; sourceTree = "<group>"; };
		569D17D322CA86A7005259A2 /* schema.json */ = {isa = PBXFileReference; fileEncoding = 4; lastKnownFileType = text.json; path = schema.json; sourceTree = "<group>"; };
		569D17D422CA86A7005259A2 /* api.graphql */ = {isa = PBXFileReference; fileEncoding = 4; lastKnownFileType = text; path = api.graphql; sourceTree = "<group>"; };
		569D17D722CA886A005259A2 /* Service.swift */ = {isa = PBXFileReference; lastKnownFileType = sourcecode.swift; path = Service.swift; sourceTree = "<group>"; };
		569D17DA22CAAC13005259A2 /* ServiceTests.swift */ = {isa = PBXFileReference; lastKnownFileType = sourcecode.swift; path = ServiceTests.swift; sourceTree = "<group>"; };
		569D17DC22CB81BD005259A2 /* CharacterDetailsViewController.swift */ = {isa = PBXFileReference; lastKnownFileType = sourcecode.swift; path = CharacterDetailsViewController.swift; sourceTree = "<group>"; };
		989AE655F27F87152E668482 /* Pods-RickAndMortyApp.debug.xcconfig */ = {isa = PBXFileReference; includeInIndex = 1; lastKnownFileType = text.xcconfig; name = "Pods-RickAndMortyApp.debug.xcconfig"; path = "Target Support Files/Pods-RickAndMortyApp/Pods-RickAndMortyApp.debug.xcconfig"; sourceTree = "<group>"; };
		AFE294F4E66A909F359AAE31 /* Pods_RickAndMortyAppTests.framework */ = {isa = PBXFileReference; explicitFileType = wrapper.framework; includeInIndex = 0; path = Pods_RickAndMortyAppTests.framework; sourceTree = BUILT_PRODUCTS_DIR; };
		B3FEB993807F2E108AEDAEB6 /* Pods_RickAndMortyApp.framework */ = {isa = PBXFileReference; explicitFileType = wrapper.framework; includeInIndex = 0; path = Pods_RickAndMortyApp.framework; sourceTree = BUILT_PRODUCTS_DIR; };
		E44B61BBF4D09AC005505263 /* Pods-RickAndMortyAppTests.debug.xcconfig */ = {isa = PBXFileReference; includeInIndex = 1; lastKnownFileType = text.xcconfig; name = "Pods-RickAndMortyAppTests.debug.xcconfig"; path = "Target Support Files/Pods-RickAndMortyAppTests/Pods-RickAndMortyAppTests.debug.xcconfig"; sourceTree = "<group>"; };
/* End PBXFileReference section */

/* Begin PBXFrameworksBuildPhase section */
		569D179722CA7C8A005259A2 /* Frameworks */ = {
			isa = PBXFrameworksBuildPhase;
			buildActionMask = 2147483647;
			files = (
				E661E78F57EE31BC18E6F40F /* Pods_RickAndMortyApp.framework in Frameworks */,
			);
			runOnlyForDeploymentPostprocessing = 0;
		};
		569D17AB22CA7C8B005259A2 /* Frameworks */ = {
			isa = PBXFrameworksBuildPhase;
			buildActionMask = 2147483647;
			files = (
				DD74A2CB3E0C351143F6DB8C /* Pods_RickAndMortyAppTests.framework in Frameworks */,
			);
			runOnlyForDeploymentPostprocessing = 0;
		};
		569D17B622CA7C8B005259A2 /* Frameworks */ = {
			isa = PBXFrameworksBuildPhase;
			buildActionMask = 2147483647;
			files = (
				06969EDD0A602017D6EE5439 /* Pods_RickAndMortyAppUITests.framework in Frameworks */,
			);
			runOnlyForDeploymentPostprocessing = 0;
		};
/* End PBXFrameworksBuildPhase section */

/* Begin PBXGroup section */
		5612D4EB22CBAF2F00D6C3F8 /* Views */ = {
			isa = PBXGroup;
			children = (
				5612D4EC22CBAF4500D6C3F8 /* Views.swift */,
			);
			path = Views;
			sourceTree = "<group>";
		};
		569BFC4122CBC2F5002FC78D /* Cells */ = {
			isa = PBXGroup;
			children = (
				569BFC4222CBC308002FC78D /* CharacterCell.swift */,
			);
			path = Cells;
			sourceTree = "<group>";
		};
		569D179122CA7C8A005259A2 = {
			isa = PBXGroup;
			children = (
				569D17CB22CA7CCA005259A2 /* Podfile */,
				569D179C22CA7C8A005259A2 /* RickAndMortyApp */,
				569D17B122CA7C8B005259A2 /* RickAndMortyAppTests */,
				569D17BC22CA7C8B005259A2 /* RickAndMortyAppUITests */,
				569D179B22CA7C8A005259A2 /* Products */,
				D471C03781F3A9842E973B8E /* Pods */,
				AC1D3F9119F03977012CC428 /* Frameworks */,
			);
			sourceTree = "<group>";
		};
		569D179B22CA7C8A005259A2 /* Products */ = {
			isa = PBXGroup;
			children = (
				569D179A22CA7C8A005259A2 /* RickAndMortyApp.app */,
				569D17AE22CA7C8B005259A2 /* RickAndMortyAppTests.xctest */,
				569D17B922CA7C8B005259A2 /* RickAndMortyAppUITests.xctest */,
			);
			name = Products;
			sourceTree = "<group>";
		};
		569D179C22CA7C8A005259A2 /* RickAndMortyApp */ = {
			isa = PBXGroup;
			children = (
				569BFC4122CBC2F5002FC78D /* Cells */,
				5612D4EB22CBAF2F00D6C3F8 /* Views */,
				569D17D422CA86A7005259A2 /* api.graphql */,
				569D17D322CA86A7005259A2 /* schema.json */,
				569D17CF22CA850D005259A2 /* API.swift */,
				569D17D722CA886A005259A2 /* Service.swift */,
				569D179D22CA7C8A005259A2 /* AppDelegate.swift */,
				569BFC4A22CD18C5002FC78D /* FavoritesController.swift */,
				569BFC4422CBD194002FC78D /* AbstractCharactersViewController.swift */,
				569D179F22CA7C8A005259A2 /* CharactersViewController.swift */,
				569D17DC22CB81BD005259A2 /* CharacterDetailsViewController.swift */,
				569BFC4822CD18AF002FC78D /* FavoritesViewController.swift */,
				569BFC3F22CBB5F6002FC78D /* LocationDetailsViewController.swift */,
				569BFC4622CBD2B4002FC78D /* ResidentsViewController.swift */,
				569D17A122CA7C8A005259A2 /* Main.storyboard */,
				569D17A422CA7C8B005259A2 /* Assets.xcassets */,
				569D17A622CA7C8B005259A2 /* LaunchScreen.storyboard */,
				569D17A922CA7C8B005259A2 /* Info.plist */,
			);
			path = RickAndMortyApp;
			sourceTree = "<group>";
		};
		569D17B122CA7C8B005259A2 /* RickAndMortyAppTests */ = {
			isa = PBXGroup;
			children = (
				569D17B222CA7C8B005259A2 /* RickAndMortyAppTests.swift */,
				569D17B422CA7C8B005259A2 /* Info.plist */,
				569D17DA22CAAC13005259A2 /* ServiceTests.swift */,
			);
			path = RickAndMortyAppTests;
			sourceTree = "<group>";
		};
		569D17BC22CA7C8B005259A2 /* RickAndMortyAppUITests */ = {
			isa = PBXGroup;
			children = (
				569D17BD22CA7C8B005259A2 /* RickAndMortyAppUITests.swift */,
				569D17BF22CA7C8B005259A2 /* Info.plist */,
			);
			path = RickAndMortyAppUITests;
			sourceTree = "<group>";
		};
		AC1D3F9119F03977012CC428 /* Frameworks */ = {
			isa = PBXGroup;
			children = (
				B3FEB993807F2E108AEDAEB6 /* Pods_RickAndMortyApp.framework */,
				AFE294F4E66A909F359AAE31 /* Pods_RickAndMortyAppTests.framework */,
				12030CEC524ACAB51DE83791 /* Pods_RickAndMortyAppUITests.framework */,
			);
			name = Frameworks;
			sourceTree = "<group>";
		};
		D471C03781F3A9842E973B8E /* Pods */ = {
			isa = PBXGroup;
			children = (
				989AE655F27F87152E668482 /* Pods-RickAndMortyApp.debug.xcconfig */,
				3499ABABC4E7156156315769 /* Pods-RickAndMortyApp.release.xcconfig */,
				E44B61BBF4D09AC005505263 /* Pods-RickAndMortyAppTests.debug.xcconfig */,
				416ABC9E055E471BA1D543AB /* Pods-RickAndMortyAppTests.release.xcconfig */,
				14AC306BB5AC5BAFA6CACDAB /* Pods-RickAndMortyAppUITests.debug.xcconfig */,
				03EC0BB5C67D01335F94AB11 /* Pods-RickAndMortyAppUITests.release.xcconfig */,
			);
			path = Pods;
			sourceTree = "<group>";
		};
/* End PBXGroup section */

/* Begin PBXNativeTarget section */
		569D179922CA7C8A005259A2 /* RickAndMortyApp */ = {
			isa = PBXNativeTarget;
			buildConfigurationList = 569D17C222CA7C8B005259A2 /* Build configuration list for PBXNativeTarget "RickAndMortyApp" */;
			buildPhases = (
				BAE2CE474B1E3AEB155AB512 /* [CP] Check Pods Manifest.lock */,
				569D17CC22CA8191005259A2 /* ShellScript */,
				569D179622CA7C8A005259A2 /* Sources */,
				569D179722CA7C8A005259A2 /* Frameworks */,
				569D179822CA7C8A005259A2 /* Resources */,
				54DA7E97B0DE85DD3019B356 /* [CP] Embed Pods Frameworks */,
			);
			buildRules = (
			);
			dependencies = (
			);
			name = RickAndMortyApp;
			productName = RickAndMortyApp;
			productReference = 569D179A22CA7C8A005259A2 /* RickAndMortyApp.app */;
			productType = "com.apple.product-type.application";
		};
		569D17AD22CA7C8B005259A2 /* RickAndMortyAppTests */ = {
			isa = PBXNativeTarget;
			buildConfigurationList = 569D17C522CA7C8B005259A2 /* Build configuration list for PBXNativeTarget "RickAndMortyAppTests" */;
			buildPhases = (
				CEE6DDF3E7A41EF371124000 /* [CP] Check Pods Manifest.lock */,
				569D17AA22CA7C8B005259A2 /* Sources */,
				569D17AB22CA7C8B005259A2 /* Frameworks */,
				569D17AC22CA7C8B005259A2 /* Resources */,
			);
			buildRules = (
			);
			dependencies = (
				569D17B022CA7C8B005259A2 /* PBXTargetDependency */,
			);
			name = RickAndMortyAppTests;
			productName = RickAndMortyAppTests;
			productReference = 569D17AE22CA7C8B005259A2 /* RickAndMortyAppTests.xctest */;
			productType = "com.apple.product-type.bundle.unit-test";
		};
		569D17B822CA7C8B005259A2 /* RickAndMortyAppUITests */ = {
			isa = PBXNativeTarget;
			buildConfigurationList = 569D17C822CA7C8B005259A2 /* Build configuration list for PBXNativeTarget "RickAndMortyAppUITests" */;
			buildPhases = (
				24D29B8B4C8D98D0B0042438 /* [CP] Check Pods Manifest.lock */,
				569D17B522CA7C8B005259A2 /* Sources */,
				569D17B622CA7C8B005259A2 /* Frameworks */,
				569D17B722CA7C8B005259A2 /* Resources */,
			);
			buildRules = (
			);
			dependencies = (
				569D17BB22CA7C8B005259A2 /* PBXTargetDependency */,
			);
			name = RickAndMortyAppUITests;
			productName = RickAndMortyAppUITests;
			productReference = 569D17B922CA7C8B005259A2 /* RickAndMortyAppUITests.xctest */;
			productType = "com.apple.product-type.bundle.ui-testing";
		};
/* End PBXNativeTarget section */

/* Begin PBXProject section */
		569D179222CA7C8A005259A2 /* Project object */ = {
			isa = PBXProject;
			attributes = {
				LastSwiftUpdateCheck = 1020;
				LastUpgradeCheck = 1020;
				ORGANIZATIONNAME = "Joakim Back";
				TargetAttributes = {
					569D179922CA7C8A005259A2 = {
						CreatedOnToolsVersion = 10.2.1;
					};
					569D17AD22CA7C8B005259A2 = {
						CreatedOnToolsVersion = 10.2.1;
						TestTargetID = 569D179922CA7C8A005259A2;
					};
					569D17B822CA7C8B005259A2 = {
						CreatedOnToolsVersion = 10.2.1;
						TestTargetID = 569D179922CA7C8A005259A2;
					};
				};
			};
			buildConfigurationList = 569D179522CA7C8A005259A2 /* Build configuration list for PBXProject "RickAndMortyApp" */;
			compatibilityVersion = "Xcode 9.3";
			developmentRegion = en;
			hasScannedForEncodings = 0;
			knownRegions = (
				en,
				Base,
			);
			mainGroup = 569D179122CA7C8A005259A2;
			productRefGroup = 569D179B22CA7C8A005259A2 /* Products */;
			projectDirPath = "";
			projectRoot = "";
			targets = (
				569D179922CA7C8A005259A2 /* RickAndMortyApp */,
				569D17AD22CA7C8B005259A2 /* RickAndMortyAppTests */,
				569D17B822CA7C8B005259A2 /* RickAndMortyAppUITests */,
			);
		};
/* End PBXProject section */

/* Begin PBXResourcesBuildPhase section */
		569D179822CA7C8A005259A2 /* Resources */ = {
			isa = PBXResourcesBuildPhase;
			buildActionMask = 2147483647;
			files = (
				569D17D522CA86A7005259A2 /* schema.json in Resources */,
				569D17A822CA7C8B005259A2 /* LaunchScreen.storyboard in Resources */,
				569D17A522CA7C8B005259A2 /* Assets.xcassets in Resources */,
				569D17A322CA7C8A005259A2 /* Main.storyboard in Resources */,
				569D17D622CA86A7005259A2 /* api.graphql in Resources */,
			);
			runOnlyForDeploymentPostprocessing = 0;
		};
		569D17AC22CA7C8B005259A2 /* Resources */ = {
			isa = PBXResourcesBuildPhase;
			buildActionMask = 2147483647;
			files = (
			);
			runOnlyForDeploymentPostprocessing = 0;
		};
		569D17B722CA7C8B005259A2 /* Resources */ = {
			isa = PBXResourcesBuildPhase;
			buildActionMask = 2147483647;
			files = (
			);
			runOnlyForDeploymentPostprocessing = 0;
		};
/* End PBXResourcesBuildPhase section */

/* Begin PBXShellScriptBuildPhase section */
		24D29B8B4C8D98D0B0042438 /* [CP] Check Pods Manifest.lock */ = {
			isa = PBXShellScriptBuildPhase;
			buildActionMask = 2147483647;
			files = (
			);
			inputFileListPaths = (
			);
			inputPaths = (
				"${PODS_PODFILE_DIR_PATH}/Podfile.lock",
				"${PODS_ROOT}/Manifest.lock",
			);
			name = "[CP] Check Pods Manifest.lock";
			outputFileListPaths = (
			);
			outputPaths = (
				"$(DERIVED_FILE_DIR)/Pods-RickAndMortyAppUITests-checkManifestLockResult.txt",
			);
			runOnlyForDeploymentPostprocessing = 0;
			shellPath = /bin/sh;
			shellScript = "diff \"${PODS_PODFILE_DIR_PATH}/Podfile.lock\" \"${PODS_ROOT}/Manifest.lock\" > /dev/null\nif [ $? != 0 ] ; then\n    # print error to STDERR\n    echo \"error: The sandbox is not in sync with the Podfile.lock. Run 'pod install' or update your CocoaPods installation.\" >&2\n    exit 1\nfi\n# This output is used by Xcode 'outputs' to avoid re-running this script phase.\necho \"SUCCESS\" > \"${SCRIPT_OUTPUT_FILE_0}\"\n";
			showEnvVarsInLog = 0;
		};
		54DA7E97B0DE85DD3019B356 /* [CP] Embed Pods Frameworks */ = {
			isa = PBXShellScriptBuildPhase;
			buildActionMask = 2147483647;
			files = (
			);
			inputFileListPaths = (
			);
			inputPaths = (
				"${PODS_ROOT}/Target Support Files/Pods-RickAndMortyApp/Pods-RickAndMortyApp-frameworks.sh",
				"${BUILT_PRODUCTS_DIR}/Apollo/Apollo.framework",
				"${BUILT_PRODUCTS_DIR}/Kingfisher/Kingfisher.framework",
				"${BUILT_PRODUCTS_DIR}/PromiseKit/PromiseKit.framework",
			);
			name = "[CP] Embed Pods Frameworks";
			outputFileListPaths = (
			);
			outputPaths = (
				"${TARGET_BUILD_DIR}/${FRAMEWORKS_FOLDER_PATH}/Apollo.framework",
				"${TARGET_BUILD_DIR}/${FRAMEWORKS_FOLDER_PATH}/Kingfisher.framework",
				"${TARGET_BUILD_DIR}/${FRAMEWORKS_FOLDER_PATH}/PromiseKit.framework",
			);
			runOnlyForDeploymentPostprocessing = 0;
			shellPath = /bin/sh;
			shellScript = "\"${PODS_ROOT}/Target Support Files/Pods-RickAndMortyApp/Pods-RickAndMortyApp-frameworks.sh\"\n";
			showEnvVarsInLog = 0;
		};
		569D17CC22CA8191005259A2 /* ShellScript */ = {
			isa = PBXShellScriptBuildPhase;
			buildActionMask = 2147483647;
			files = (
			);
			inputFileListPaths = (
			);
			inputPaths = (
			);
			outputFileListPaths = (
			);
			outputPaths = (
			);
			runOnlyForDeploymentPostprocessing = 0;
			shellPath = /bin/sh;
			shellScript = "APOLLO_FRAMEWORK_PATH=\"$(eval find $FRAMEWORK_SEARCH_PATHS -name \"Apollo.framework\" -maxdepth 1)\"\n\nif [ -z \"$APOLLO_FRAMEWORK_PATH\" ]; then\necho \"error: Couldn't find Apollo.framework in FRAMEWORK_SEARCH_PATHS; make sure to add the framework to your project.\"\nexit 1\nfi\n\ncd \"${SRCROOT}/${TARGET_NAME}\"\n$APOLLO_FRAMEWORK_PATH/check-and-run-apollo-cli.sh codegen:generate --queries=\"$(find . -name '*.graphql')\" --schema=schema.json API.swift\n";
		};
		BAE2CE474B1E3AEB155AB512 /* [CP] Check Pods Manifest.lock */ = {
			isa = PBXShellScriptBuildPhase;
			buildActionMask = 2147483647;
			files = (
			);
			inputFileListPaths = (
			);
			inputPaths = (
				"${PODS_PODFILE_DIR_PATH}/Podfile.lock",
				"${PODS_ROOT}/Manifest.lock",
			);
			name = "[CP] Check Pods Manifest.lock";
			outputFileListPaths = (
			);
			outputPaths = (
				"$(DERIVED_FILE_DIR)/Pods-RickAndMortyApp-checkManifestLockResult.txt",
			);
			runOnlyForDeploymentPostprocessing = 0;
			shellPath = /bin/sh;
			shellScript = "diff \"${PODS_PODFILE_DIR_PATH}/Podfile.lock\" \"${PODS_ROOT}/Manifest.lock\" > /dev/null\nif [ $? != 0 ] ; then\n    # print error to STDERR\n    echo \"error: The sandbox is not in sync with the Podfile.lock. Run 'pod install' or update your CocoaPods installation.\" >&2\n    exit 1\nfi\n# This output is used by Xcode 'outputs' to avoid re-running this script phase.\necho \"SUCCESS\" > \"${SCRIPT_OUTPUT_FILE_0}\"\n";
			showEnvVarsInLog = 0;
		};
		CEE6DDF3E7A41EF371124000 /* [CP] Check Pods Manifest.lock */ = {
			isa = PBXShellScriptBuildPhase;
			buildActionMask = 2147483647;
			files = (
			);
			inputFileListPaths = (
			);
			inputPaths = (
				"${PODS_PODFILE_DIR_PATH}/Podfile.lock",
				"${PODS_ROOT}/Manifest.lock",
			);
			name = "[CP] Check Pods Manifest.lock";
			outputFileListPaths = (
			);
			outputPaths = (
				"$(DERIVED_FILE_DIR)/Pods-RickAndMortyAppTests-checkManifestLockResult.txt",
			);
			runOnlyForDeploymentPostprocessing = 0;
			shellPath = /bin/sh;
			shellScript = "diff \"${PODS_PODFILE_DIR_PATH}/Podfile.lock\" \"${PODS_ROOT}/Manifest.lock\" > /dev/null\nif [ $? != 0 ] ; then\n    # print error to STDERR\n    echo \"error: The sandbox is not in sync with the Podfile.lock. Run 'pod install' or update your CocoaPods installation.\" >&2\n    exit 1\nfi\n# This output is used by Xcode 'outputs' to avoid re-running this script phase.\necho \"SUCCESS\" > \"${SCRIPT_OUTPUT_FILE_0}\"\n";
			showEnvVarsInLog = 0;
		};
/* End PBXShellScriptBuildPhase section */

/* Begin PBXSourcesBuildPhase section */
		569D179622CA7C8A005259A2 /* Sources */ = {
			isa = PBXSourcesBuildPhase;
			buildActionMask = 2147483647;
			files = (
				569D17D822CA886A005259A2 /* Service.swift in Sources */,
				569D17A022CA7C8A005259A2 /* CharactersViewController.swift in Sources */,
				569D17DD22CB81BD005259A2 /* CharacterDetailsViewController.swift in Sources */,
				569BFC4322CBC308002FC78D /* CharacterCell.swift in Sources */,
				569D17D022CA850D005259A2 /* API.swift in Sources */,
				569BFC4022CBB5F6002FC78D /* LocationDetailsViewController.swift in Sources */,
				569BFC4922CD18AF002FC78D /* FavoritesViewController.swift in Sources */,
				5612D4ED22CBAF4500D6C3F8 /* Views.swift in Sources */,
				569D179E22CA7C8A005259A2 /* AppDelegate.swift in Sources */,
				569BFC4722CBD2B4002FC78D /* ResidentsViewController.swift in Sources */,
				569BFC4522CBD194002FC78D /* AbstractCharactersViewController.swift in Sources */,
				569BFC4B22CD18C5002FC78D /* FavoritesController.swift in Sources */,
			);
			runOnlyForDeploymentPostprocessing = 0;
		};
		569D17AA22CA7C8B005259A2 /* Sources */ = {
			isa = PBXSourcesBuildPhase;
			buildActionMask = 2147483647;
			files = (
				569D17B322CA7C8B005259A2 /* RickAndMortyAppTests.swift in Sources */,
				569D17DB22CAAC13005259A2 /* ServiceTests.swift in Sources */,
			);
			runOnlyForDeploymentPostprocessing = 0;
		};
		569D17B522CA7C8B005259A2 /* Sources */ = {
			isa = PBXSourcesBuildPhase;
			buildActionMask = 2147483647;
			files = (
				569D17BE22CA7C8B005259A2 /* RickAndMortyAppUITests.swift in Sources */,
			);
			runOnlyForDeploymentPostprocessing = 0;
		};
/* End PBXSourcesBuildPhase section */

/* Begin PBXTargetDependency section */
		569D17B022CA7C8B005259A2 /* PBXTargetDependency */ = {
			isa = PBXTargetDependency;
			target = 569D179922CA7C8A005259A2 /* RickAndMortyApp */;
			targetProxy = 569D17AF22CA7C8B005259A2 /* PBXContainerItemProxy */;
		};
		569D17BB22CA7C8B005259A2 /* PBXTargetDependency */ = {
			isa = PBXTargetDependency;
			target = 569D179922CA7C8A005259A2 /* RickAndMortyApp */;
			targetProxy = 569D17BA22CA7C8B005259A2 /* PBXContainerItemProxy */;
		};
/* End PBXTargetDependency section */

/* Begin PBXVariantGroup section */
		569D17A122CA7C8A005259A2 /* Main.storyboard */ = {
			isa = PBXVariantGroup;
			children = (
				569D17A222CA7C8A005259A2 /* Base */,
			);
			name = Main.storyboard;
			sourceTree = "<group>";
		};
		569D17A622CA7C8B005259A2 /* LaunchScreen.storyboard */ = {
			isa = PBXVariantGroup;
			children = (
				569D17A722CA7C8B005259A2 /* Base */,
			);
			name = LaunchScreen.storyboard;
			sourceTree = "<group>";
		};
/* End PBXVariantGroup section */

/* Begin XCBuildConfiguration section */
		569D17C022CA7C8B005259A2 /* Debug */ = {
			isa = XCBuildConfiguration;
			buildSettings = {
				ALWAYS_SEARCH_USER_PATHS = NO;
				CLANG_ANALYZER_NONNULL = YES;
				CLANG_ANALYZER_NUMBER_OBJECT_CONVERSION = YES_AGGRESSIVE;
				CLANG_CXX_LANGUAGE_STANDARD = "gnu++14";
				CLANG_CXX_LIBRARY = "libc++";
				CLANG_ENABLE_MODULES = YES;
				CLANG_ENABLE_OBJC_ARC = YES;
				CLANG_ENABLE_OBJC_WEAK = YES;
				CLANG_WARN_BLOCK_CAPTURE_AUTORELEASING = YES;
				CLANG_WARN_BOOL_CONVERSION = YES;
				CLANG_WARN_COMMA = YES;
				CLANG_WARN_CONSTANT_CONVERSION = YES;
				CLANG_WARN_DEPRECATED_OBJC_IMPLEMENTATIONS = YES;
				CLANG_WARN_DIRECT_OBJC_ISA_USAGE = YES_ERROR;
				CLANG_WARN_DOCUMENTATION_COMMENTS = YES;
				CLANG_WARN_EMPTY_BODY = YES;
				CLANG_WARN_ENUM_CONVERSION = YES;
				CLANG_WARN_INFINITE_RECURSION = YES;
				CLANG_WARN_INT_CONVERSION = YES;
				CLANG_WARN_NON_LITERAL_NULL_CONVERSION = YES;
				CLANG_WARN_OBJC_IMPLICIT_RETAIN_SELF = YES;
				CLANG_WARN_OBJC_LITERAL_CONVERSION = YES;
				CLANG_WARN_OBJC_ROOT_CLASS = YES_ERROR;
				CLANG_WARN_RANGE_LOOP_ANALYSIS = YES;
				CLANG_WARN_STRICT_PROTOTYPES = YES;
				CLANG_WARN_SUSPICIOUS_MOVE = YES;
				CLANG_WARN_UNGUARDED_AVAILABILITY = YES_AGGRESSIVE;
				CLANG_WARN_UNREACHABLE_CODE = YES;
				CLANG_WARN__DUPLICATE_METHOD_MATCH = YES;
				CODE_SIGN_IDENTITY = "iPhone Developer";
				COPY_PHASE_STRIP = NO;
				DEBUG_INFORMATION_FORMAT = dwarf;
				ENABLE_STRICT_OBJC_MSGSEND = YES;
				ENABLE_TESTABILITY = YES;
				GCC_C_LANGUAGE_STANDARD = gnu11;
				GCC_DYNAMIC_NO_PIC = NO;
				GCC_NO_COMMON_BLOCKS = YES;
				GCC_OPTIMIZATION_LEVEL = 0;
				GCC_PREPROCESSOR_DEFINITIONS = (
					"DEBUG=1",
					"$(inherited)",
				);
				GCC_WARN_64_TO_32_BIT_CONVERSION = YES;
				GCC_WARN_ABOUT_RETURN_TYPE = YES_ERROR;
				GCC_WARN_UNDECLARED_SELECTOR = YES;
				GCC_WARN_UNINITIALIZED_AUTOS = YES_AGGRESSIVE;
				GCC_WARN_UNUSED_FUNCTION = YES;
				GCC_WARN_UNUSED_VARIABLE = YES;
				IPHONEOS_DEPLOYMENT_TARGET = 10.0;
				MTL_ENABLE_DEBUG_INFO = INCLUDE_SOURCE;
				MTL_FAST_MATH = YES;
				ONLY_ACTIVE_ARCH = YES;
				SDKROOT = iphoneos;
				SWIFT_ACTIVE_COMPILATION_CONDITIONS = DEBUG;
				SWIFT_OPTIMIZATION_LEVEL = "-Onone";
			};
			name = Debug;
		};
		569D17C122CA7C8B005259A2 /* Release */ = {
			isa = XCBuildConfiguration;
			buildSettings = {
				ALWAYS_SEARCH_USER_PATHS = NO;
				CLANG_ANALYZER_NONNULL = YES;
				CLANG_ANALYZER_NUMBER_OBJECT_CONVERSION = YES_AGGRESSIVE;
				CLANG_CXX_LANGUAGE_STANDARD = "gnu++14";
				CLANG_CXX_LIBRARY = "libc++";
				CLANG_ENABLE_MODULES = YES;
				CLANG_ENABLE_OBJC_ARC = YES;
				CLANG_ENABLE_OBJC_WEAK = YES;
				CLANG_WARN_BLOCK_CAPTURE_AUTORELEASING = YES;
				CLANG_WARN_BOOL_CONVERSION = YES;
				CLANG_WARN_COMMA = YES;
				CLANG_WARN_CONSTANT_CONVERSION = YES;
				CLANG_WARN_DEPRECATED_OBJC_IMPLEMENTATIONS = YES;
				CLANG_WARN_DIRECT_OBJC_ISA_USAGE = YES_ERROR;
				CLANG_WARN_DOCUMENTATION_COMMENTS = YES;
				CLANG_WARN_EMPTY_BODY = YES;
				CLANG_WARN_ENUM_CONVERSION = YES;
				CLANG_WARN_INFINITE_RECURSION = YES;
				CLANG_WARN_INT_CONVERSION = YES;
				CLANG_WARN_NON_LITERAL_NULL_CONVERSION = YES;
				CLANG_WARN_OBJC_IMPLICIT_RETAIN_SELF = YES;
				CLANG_WARN_OBJC_LITERAL_CONVERSION = YES;
				CLANG_WARN_OBJC_ROOT_CLASS = YES_ERROR;
				CLANG_WARN_RANGE_LOOP_ANALYSIS = YES;
				CLANG_WARN_STRICT_PROTOTYPES = YES;
				CLANG_WARN_SUSPICIOUS_MOVE = YES;
				CLANG_WARN_UNGUARDED_AVAILABILITY = YES_AGGRESSIVE;
				CLANG_WARN_UNREACHABLE_CODE = YES;
				CLANG_WARN__DUPLICATE_METHOD_MATCH = YES;
				CODE_SIGN_IDENTITY = "iPhone Developer";
				COPY_PHASE_STRIP = NO;
				DEBUG_INFORMATION_FORMAT = "dwarf-with-dsym";
				ENABLE_NS_ASSERTIONS = NO;
				ENABLE_STRICT_OBJC_MSGSEND = YES;
				GCC_C_LANGUAGE_STANDARD = gnu11;
				GCC_NO_COMMON_BLOCKS = YES;
				GCC_WARN_64_TO_32_BIT_CONVERSION = YES;
				GCC_WARN_ABOUT_RETURN_TYPE = YES_ERROR;
				GCC_WARN_UNDECLARED_SELECTOR = YES;
				GCC_WARN_UNINITIALIZED_AUTOS = YES_AGGRESSIVE;
				GCC_WARN_UNUSED_FUNCTION = YES;
				GCC_WARN_UNUSED_VARIABLE = YES;
				IPHONEOS_DEPLOYMENT_TARGET = 10.0;
				MTL_ENABLE_DEBUG_INFO = NO;
				MTL_FAST_MATH = YES;
				SDKROOT = iphoneos;
				SWIFT_COMPILATION_MODE = wholemodule;
				SWIFT_OPTIMIZATION_LEVEL = "-O";
				VALIDATE_PRODUCT = YES;
			};
			name = Release;
		};
		569D17C322CA7C8B005259A2 /* Debug */ = {
			isa = XCBuildConfiguration;
			baseConfigurationReference = 989AE655F27F87152E668482 /* Pods-RickAndMortyApp.debug.xcconfig */;
			buildSettings = {
				ASSETCATALOG_COMPILER_APPICON_NAME = AppIcon;
				CODE_SIGN_STYLE = Manual;
				DEVELOPMENT_TEAM = "";
				INFOPLIST_FILE = RickAndMortyApp/Info.plist;
				IPHONEOS_DEPLOYMENT_TARGET = 10.0;
				LD_RUNPATH_SEARCH_PATHS = (
					"$(inherited)",
					"@executable_path/Frameworks",
				);
				PRODUCT_BUNDLE_IDENTIFIER = se.joakimback.RickAndMortyApp;
				PRODUCT_NAME = "$(TARGET_NAME)";
				PROVISIONING_PROFILE_SPECIFIER = "";
				SWIFT_VERSION = 5.0;
				TARGETED_DEVICE_FAMILY = "1,2";
			};
			name = Debug;
		};
		569D17C422CA7C8B005259A2 /* Release */ = {
			isa = XCBuildConfiguration;
			baseConfigurationReference = 3499ABABC4E7156156315769 /* Pods-RickAndMortyApp.release.xcconfig */;
			buildSettings = {
				ASSETCATALOG_COMPILER_APPICON_NAME = AppIcon;
				CODE_SIGN_STYLE = Manual;
				DEVELOPMENT_TEAM = "";
				INFOPLIST_FILE = RickAndMortyApp/Info.plist;
				IPHONEOS_DEPLOYMENT_TARGET = 10.0;
				LD_RUNPATH_SEARCH_PATHS = (
					"$(inherited)",
					"@executable_path/Frameworks",
				);
				PRODUCT_BUNDLE_IDENTIFIER = se.joakimback.RickAndMortyApp;
				PRODUCT_NAME = "$(TARGET_NAME)";
				PROVISIONING_PROFILE_SPECIFIER = "";
				SWIFT_VERSION = 5.0;
				TARGETED_DEVICE_FAMILY = "1,2";
			};
			name = Release;
		};
		569D17C622CA7C8B005259A2 /* Debug */ = {
			isa = XCBuildConfiguration;
			baseConfigurationReference = E44B61BBF4D09AC005505263 /* Pods-RickAndMortyAppTests.debug.xcconfig */;
			buildSettings = {
				ALWAYS_EMBED_SWIFT_STANDARD_LIBRARIES = YES;
				BUNDLE_LOADER = "$(TEST_HOST)";
				CODE_SIGN_STYLE = Automatic;
				INFOPLIST_FILE = RickAndMortyAppTests/Info.plist;
				LD_RUNPATH_SEARCH_PATHS = (
					"$(inherited)",
					"@executable_path/Frameworks",
					"@loader_path/Frameworks",
				);
				PRODUCT_BUNDLE_IDENTIFIER = se.joakimback.RickAndMortyAppTests;
				PRODUCT_NAME = "$(TARGET_NAME)";
				SWIFT_VERSION = 5.0;
				TARGETED_DEVICE_FAMILY = "1,2";
				TEST_HOST = "$(BUILT_PRODUCTS_DIR)/RickAndMortyApp.app/RickAndMortyApp";
			};
			name = Debug;
		};
		569D17C722CA7C8B005259A2 /* Release */ = {
			isa = XCBuildConfiguration;
			baseConfigurationReference = 416ABC9E055E471BA1D543AB /* Pods-RickAndMortyAppTests.release.xcconfig */;
			buildSettings = {
				ALWAYS_EMBED_SWIFT_STANDARD_LIBRARIES = YES;
				BUNDLE_LOADER = "$(TEST_HOST)";
				CODE_SIGN_STYLE = Automatic;
				INFOPLIST_FILE = RickAndMortyAppTests/Info.plist;
				LD_RUNPATH_SEARCH_PATHS = (
					"$(inherited)",
					"@executable_path/Frameworks",
					"@loader_path/Frameworks",
				);
				PRODUCT_BUNDLE_IDENTIFIER = se.joakimback.RickAndMortyAppTests;
				PRODUCT_NAME = "$(TARGET_NAME)";
				SWIFT_VERSION = 5.0;
				TARGETED_DEVICE_FAMILY = "1,2";
				TEST_HOST = "$(BUILT_PRODUCTS_DIR)/RickAndMortyApp.app/RickAndMortyApp";
			};
			name = Release;
		};
		569D17C922CA7C8B005259A2 /* Debug */ = {
			isa = XCBuildConfiguration;
			baseConfigurationReference = 14AC306BB5AC5BAFA6CACDAB /* Pods-RickAndMortyAppUITests.debug.xcconfig */;
			buildSettings = {
				ALWAYS_EMBED_SWIFT_STANDARD_LIBRARIES = YES;
				CODE_SIGN_STYLE = Automatic;
				INFOPLIST_FILE = RickAndMortyAppUITests/Info.plist;
				LD_RUNPATH_SEARCH_PATHS = (
					"$(inherited)",
					"@executable_path/Frameworks",
					"@loader_path/Frameworks",
				);
				PRODUCT_BUNDLE_IDENTIFIER = se.joakimback.RickAndMortyAppUITests;
				PRODUCT_NAME = "$(TARGET_NAME)";
				SWIFT_VERSION = 5.0;
				TARGETED_DEVICE_FAMILY = "1,2";
				TEST_TARGET_NAME = RickAndMortyApp;
			};
			name = Debug;
		};
		569D17CA22CA7C8B005259A2 /* Release */ = {
			isa = XCBuildConfiguration;
			baseConfigurationReference = 03EC0BB5C67D01335F94AB11 /* Pods-RickAndMortyAppUITests.release.xcconfig */;
			buildSettings = {
				ALWAYS_EMBED_SWIFT_STANDARD_LIBRARIES = YES;
				CODE_SIGN_STYLE = Automatic;
				INFOPLIST_FILE = RickAndMortyAppUITests/Info.plist;
				LD_RUNPATH_SEARCH_PATHS = (
					"$(inherited)",
					"@executable_path/Frameworks",
					"@loader_path/Frameworks",
				);
				PRODUCT_BUNDLE_IDENTIFIER = se.joakimback.RickAndMortyAppUITests;
				PRODUCT_NAME = "$(TARGET_NAME)";
				SWIFT_VERSION = 5.0;
				TARGETED_DEVICE_FAMILY = "1,2";
				TEST_TARGET_NAME = RickAndMortyApp;
			};
			name = Release;
		};
/* End XCBuildConfiguration section */

/* Begin XCConfigurationList section */
		569D179522CA7C8A005259A2 /* Build configuration list for PBXProject "RickAndMortyApp" */ = {
			isa = XCConfigurationList;
			buildConfigurations = (
				569D17C022CA7C8B005259A2 /* Debug */,
				569D17C122CA7C8B005259A2 /* Release */,
			);
			defaultConfigurationIsVisible = 0;
			defaultConfigurationName = Release;
		};
		569D17C222CA7C8B005259A2 /* Build configuration list for PBXNativeTarget "RickAndMortyApp" */ = {
			isa = XCConfigurationList;
			buildConfigurations = (
				569D17C322CA7C8B005259A2 /* Debug */,
				569D17C422CA7C8B005259A2 /* Release */,
			);
			defaultConfigurationIsVisible = 0;
			defaultConfigurationName = Release;
		};
		569D17C522CA7C8B005259A2 /* Build configuration list for PBXNativeTarget "RickAndMortyAppTests" */ = {
			isa = XCConfigurationList;
			buildConfigurations = (
				569D17C622CA7C8B005259A2 /* Debug */,
				569D17C722CA7C8B005259A2 /* Release */,
			);
			defaultConfigurationIsVisible = 0;
			defaultConfigurationName = Release;
		};
		569D17C822CA7C8B005259A2 /* Build configuration list for PBXNativeTarget "RickAndMortyAppUITests" */ = {
			isa = XCConfigurationList;
			buildConfigurations = (
				569D17C922CA7C8B005259A2 /* Debug */,
				569D17CA22CA7C8B005259A2 /* Release */,
			);
			defaultConfigurationIsVisible = 0;
			defaultConfigurationName = Release;
		};
/* End XCConfigurationList section */
	};
	rootObject = 569D179222CA7C8A005259A2 /* Project object */;
}
