PODS:
  - Apollo (0.10.1):
    - Apollo/Core (= 0.10.1)
  - Apollo/Core (0.10.1)
  - Kingfisher (5.6.0)
  - PromiseKit (6.10.0):
    - PromiseKit/CorePromise (= 6.10.0)
    - PromiseKit/Foundation (= 6.10.0)
    - PromiseKit/UIKit (= 6.10.0)
  - PromiseKit/CorePromise (6.10.0)
  - PromiseKit/Foundation (6.10.0):
    - PromiseKit/CorePromise
  - PromiseKit/UIKit (6.10.0):
    - PromiseKit/CorePromise

DEPENDENCIES:
  - Apollo
  - Kingfisher
  - PromiseKit

SPEC REPOS:
  https://github.com/cocoapods/specs.git:
    - Apollo
    - Kingfisher
    - PromiseKit

SPEC CHECKSUMS:
  Apollo: 4d690a9b2e48e8820182df4b988d7a253e1ee589
  Kingfisher: 1a50df6880a60bae26f3e21a0df3d17b892f5e0b
  PromiseKit: 1fdaeb6c0a94a5114fcb814ff3d772b86886ad4e

PODFILE CHECKSUM: 8ec18374c21a99e1572cac70dba959635e5b542a

COCOAPODS: 1.6.1
